
Microsoft Visual Studio Solution File, Format Version 12.00
# Visual Studio Version 16
VisualStudioVersion = 16.0.31624.102
MinimumVisualStudioVersion = 10.0.40219.1
Project("{9A19103F-16F7-4668-BE54-9A1E7A4F7556}") = "FloraFlow", "FloraFlow\FloraFlow.csproj", "{F34840C1-EE12-4DBB-8DBC-A6C593BFEBB9}"
EndProject
Global
	GlobalSection(SolutionConfigurationPlatforms) = preSolution
		Debug|Any CPU = Debug|Any CPU
		Release|Any CPU = Release|Any CPU
	EndGlobalSection
	GlobalSection(ProjectConfigurationPlatforms) = postSolution
		{F34840C1-EE12-4DBB-8DBC-A6C593BFEBB9}.Debug|Any CPU.ActiveCfg = Debug|Any CPU
		{F34840C1-EE12-4DBB-8DBC-A6C593BFEBB9}.Debug|Any CPU.Build.0 = Debug|Any CPU
		{F34840C1-EE12-4DBB-8DBC-A6C593BFEBB9}.Release|Any CPU.ActiveCfg = Release|Any CPU
		{F34840C1-EE12-4DBB-8DBC-A6C593BFEBB9}.Release|Any CPU.Build.0 = Release|Any CPU
	EndGlobalSection
	GlobalSection(SolutionProperties) = preSolution
		HideSolutionNode = FALSE
	EndGlobalSection
	GlobalSection(ExtensibilityGlobals) = postSolution
		SolutionGuid = {BF3A0F9A-39D0-4C95-A6C2-090B670A8DB4}
	EndGlobalSection
EndGlobal
